<?xml version="1.0" encoding="utf-8"?>
<Project ToolsVersion="4.0" xmlns="http://schemas.microsoft.com/developer/msbuild/2003">
  <ItemGroup>
    <Filter Include="Source Files">
      <UniqueIdentifier>{4FC737F1-C7A5-4376-A066-2A32D752A2FF}</UniqueIdentifier>
      <Extensions>cpp;c;cc;cxx;def;odl;idl;hpj;bat;asm;asmx</Extensions>
    </Filter>
    <Filter Include="Header Files">
      <UniqueIdentifier>{93995380-89BD-4b04-88EB-625FBE52EBFB}</UniqueIdentifier>
      <Extensions>h;hh;hpp;hxx;hm;inl;inc;xsd</Extensions>
    </Filter>
    <Filter Include="Resource Files">
      <UniqueIdentifier>{67DA6AB6-F800-4c08-8B7A-83BB121AAD01}</UniqueIdentifier>
      <Extensions>rc;ico;cur;bmp;dlg;rc2;rct;bin;rgs;gif;jpg;jpeg;jpe;resx;tiff;tif;png;wav</Extensions>
    </Filter>
  </ItemGroup>
  <ItemGroup>
    <ClCompile Include="dx9_app.cpp">
      <Filter>Source Files</Filter>
    </ClCompile>
    <ClCompile Include="hook_dll.cpp">
      <Filter>Source Files</Filter>
    </ClCompile>
    <ClCompile Include="injector.cpp">
      <Filter>Source Files</Filter>
    </ClCompile>
    <ClCompile Include="external\detours\samples\comeasy\comeasy.cpp">
      <Filter>Source Files</Filter>
    </ClCompile>
    <ClCompile Include="external\detours\samples\comeasy\wrotei.cpp">
      <Filter>Source Files</Filter>
    </ClCompile>
    <ClCompile Include="external\detours\samples\commem\commem.cpp">
      <Filter>Source Files</Filter>
    </ClCompile>
    <ClCompile Include="external\detours\samples\cping\cping.cpp">
      <Filter>Source Files</Filter>
    </ClCompile>
    <ClCompile Include="external\detours\samples\cping\obj.x86\iping_d.c">
      <Filter>Source Files</Filter>
    </ClCompile>
    <ClCompile Include="external\detours\samples\cping\obj.x86\iping_i.c">
      <Filter>Source Files</Filter>
    </ClCompile>
    <ClCompile Include="external\detours\samples\cping\obj.x86\iping_p.c">
      <Filter>Source Files</Filter>
    </ClCompile>
    <ClCompile Include="external\detours\samples\disas\disas.cpp">
      <Filter>Source Files</Filter>
    </ClCompile>
    <ClCompile Include="external\detours\samples\disas\unk.cpp">
      <Filter>Source Files</Filter>
    </ClCompile>
    <ClCompile Include="external\detours\samples\disas\x86.cpp">
      <Filter>Source Files</Filter>
    </ClCompile>
    <ClCompile Include="external\detours\samples\dtest\dtarge.cpp">
      <Filter>Source Files</Filter>
    </ClCompile>
    <ClCompile Include="external\detours\samples\dtest\dtest.cpp">
      <Filter>Source Files</Filter>
    </ClCompile>
    <ClCompile Include="external\detours\samples\dumpe\dumpe.cpp">
      <Filter>Source Files</Filter>
    </ClCompile>
    <ClCompile Include="external\detours\samples\dumpi\dumpi.cpp">
      <Filter>Source Files</Filter>
    </ClCompile>
    <ClCompile Include="external\detours\samples\dynamic_alloc\main.cpp">
      <Filter>Source Files</Filter>
    </ClCompile>
    <ClCompile Include="external\detours\samples\echo\echofx.cpp">
      <Filter>Source Files</Filter>
    </ClCompile>
    <ClCompile Include="external\detours\samples\echo\echonul.cpp">
      <Filter>Source Files</Filter>
    </ClCompile>
    <ClCompile Include="external\detours\samples\echo\main.cpp">
      <Filter>Source Files</Filter>
    </ClCompile>
    <ClCompile Include="external\detours\samples\einst\edll1x.cpp">
      <Filter>Source Files</Filter>
    </ClCompile>
    <ClCompile Include="external\detours\samples\einst\edll2x.cpp">
      <Filter>Source Files</Filter>
    </ClCompile>
    <ClCompile Include="external\detours\samples\einst\edll3x.cpp">
      <Filter>Source Files</Filter>
    </ClCompile>
    <ClCompile Include="external\detours\samples\einst\einst.cpp">
      <Filter>Source Files</Filter>
    </ClCompile>
    <ClCompile Include="external\detours\samples\excep\excep.cpp">
      <Filter>Source Files</Filter>
    </ClCompile>
    <ClCompile Include="external\detours\samples\excep\firstexc.cpp">
      <Filter>Source Files</Filter>
    </ClCompile>
    <ClCompile Include="external\detours\samples\findfunc\extend.cpp">
      <Filter>Source Files</Filter>
    </ClCompile>
    <ClCompile Include="external\detours\samples\findfunc\findfunc.cpp">
      <Filter>Source Files</Filter>
    </ClCompile>
    <ClCompile Include="external\detours\samples\findfunc\symtest.cpp">
      <Filter>Source Files</Filter>
    </ClCompile>
    <ClCompile Include="external\detours\samples\findfunc\target.cpp">
      <Filter>Source Files</Filter>
    </ClCompile>
    <ClCompile Include="external\detours\samples\impmunge\impmunge.cpp">
      <Filter>Source Files</Filter>
    </ClCompile>
    <ClCompile Include="external\detours\samples\member\member.cpp">
      <Filter>Source Files</Filter>
    </ClCompile>
    <ClCompile Include="external\detours\samples\opengl\ogldet.cpp">
      <Filter>Source Files</Filter>
    </ClCompile>
    <ClCompile Include="external\detours\samples\opengl\testogl.cpp">
      <Filter>Source Files</Filter>
    </ClCompile>
    <ClCompile Include="external\detours\samples\payload\payload.cpp">
      <Filter>Source Files</Filter>
    </ClCompile>
    <ClCompile Include="external\detours\samples\payload\payloadtarget.cpp">
      <Filter>Source Files</Filter>
    </ClCompile>
    <ClCompile Include="external\detours\samples\region\region.cpp">
      <Filter>Source Files</Filter>
    </ClCompile>
    <ClCompile Include="external\detours\samples\setdll\setdll.cpp">
      <Filter>Source Files</Filter>
    </ClCompile>
    <ClCompile Include="external\detours\samples\simple\simple.cpp">
      <Filter>Source Files</Filter>
    </ClCompile>
    <ClCompile Include="external\detours\samples\simple\sleep5.cpp">
      <Filter>Source Files</Filter>
    </ClCompile>
    <ClCompile Include="external\detours\samples\simple_safe\simple_safe.cpp">
      <Filter>Source Files</Filter>
    </ClCompile>
    <ClCompile Include="external\detours\samples\simple_safe\sleep5.cpp">
      <Filter>Source Files</Filter>
    </ClCompile>
    <ClCompile Include="external\detours\samples\slept\dslept.cpp">
      <Filter>Source Files</Filter>
    </ClCompile>
    <ClCompile Include="external\detours\samples\slept\sleepbed.cpp">
      <Filter>Source Files</Filter>
    </ClCompile>
    <ClCompile Include="external\detours\samples\slept\sleepnew.cpp">
      <Filter>Source Files</Filter>
    </ClCompile>
    <ClCompile Include="external\detours\samples\slept\sleepold.cpp">
      <Filter>Source Files</Filter>
    </ClCompile>
    <ClCompile Include="external\detours\samples\slept\slept.cpp">
      <Filter>Source Files</Filter>
    </ClCompile>
    <ClCompile Include="external\detours\samples\slept\verify.cpp">
      <Filter>Source Files</Filter>
    </ClCompile>
    <ClCompile Include="external\detours\samples\syelog\sltest.cpp">
      <Filter>Source Files</Filter>
    </ClCompile>
    <ClCompile Include="external\detours\samples\syelog\sltestp.cpp">
      <Filter>Source Files</Filter>
    </ClCompile>
    <ClCompile Include="external\detours\samples\syelog\syelog.cpp">
      <Filter>Source Files</Filter>
    </ClCompile>
    <ClCompile Include="external\detours\samples\syelog\syelogd.cpp">
      <Filter>Source Files</Filter>
    </ClCompile>
    <ClCompile Include="external\detours\samples\talloc\talloc.cpp">
      <Filter>Source Files</Filter>
    </ClCompile>
    <ClCompile Include="external\detours\samples\talloc\tdll1x.cpp">
      <Filter>Source Files</Filter>
    </ClCompile>
    <ClCompile Include="external\detours\samples\talloc\tdll2x.cpp">
      <Filter>Source Files</Filter>
    </ClCompile>
    <ClCompile Include="external\detours\samples\talloc\tdll3x.cpp">
      <Filter>Source Files</Filter>
    </ClCompile>
    <ClCompile Include="external\detours\samples\talloc\tdll4x.cpp">
      <Filter>Source Files</Filter>
    </ClCompile>
    <ClCompile Include="external\detours\samples\talloc\tdll5x.cpp">
      <Filter>Source Files</Filter>
    </ClCompile>
    <ClCompile Include="external\detours\samples\talloc\tdll6x.cpp">
      <Filter>Source Files</Filter>
    </ClCompile>
    <ClCompile Include="external\detours\samples\talloc\tdll7x.cpp">
      <Filter>Source Files</Filter>
    </ClCompile>
    <ClCompile Include="external\detours\samples\talloc\tdll8x.cpp">
      <Filter>Source Files</Filter>
    </ClCompile>
    <ClCompile Include="external\detours\samples\talloc\tdll9x.cpp">
      <Filter>Source Files</Filter>
    </ClCompile>
    <ClCompile Include="external\detours\samples\traceapi\testapi.cpp">
      <Filter>Source Files</Filter>
    </ClCompile>
    <ClCompile Include="external\detours\samples\traceapi\trcapi.cpp">
      <Filter>Source Files</Filter>
    </ClCompile>
    <ClCompile Include="external\detours\samples\traceapi\_win32.cpp">
      <Filter>Source Files</Filter>
    </ClCompile>
    <ClCompile Include="external\detours\samples\tracebld\tracebld.cpp">
      <Filter>Source Files</Filter>
    </ClCompile>
    <ClCompile Include="external\detours\samples\tracebld\trcbld.cpp">
      <Filter>Source Files</Filter>
    </ClCompile>
    <ClCompile Include="external\detours\samples\tracelnk\trclnk.cpp">
      <Filter>Source Files</Filter>
    </ClCompile>
    <ClCompile Include="external\detours\samples\tracemem\trcmem.cpp">
      <Filter>Source Files</Filter>
    </ClCompile>
    <ClCompile Include="external\detours\samples\tracereg\trcreg.cpp">
      <Filter>Source Files</Filter>
    </ClCompile>
    <ClCompile Include="external\detours\samples\traceser\trcser.cpp">
      <Filter>Source Files</Filter>
    </ClCompile>
    <ClCompile Include="external\detours\samples\tracessl\trcssl.cpp">
      <Filter>Source Files</Filter>
    </ClCompile>
    <ClCompile Include="external\detours\samples\tracetcp\trctcp.cpp">
      <Filter>Source Files</Filter>
    </ClCompile>
    <ClCompile Include="external\detours\samples\tryman\size.cpp">
      <Filter>Source Files</Filter>
    </ClCompile>
    <ClCompile Include="external\detours\samples\tryman\tryman.cpp">
      <Filter>Source Files</Filter>
    </ClCompile>
    <ClCompile Include="external\detours\samples\tryman\tstman.cpp">
      <Filter>Source Files</Filter>
    </ClCompile>
    <ClCompile Include="external\detours\samples\withdll\withdll.cpp">
      <Filter>Source Files</Filter>
    </ClCompile>
    <ClCompile Include="external\detours\src\creatwth.cpp">
      <Filter>Source Files</Filter>
    </ClCompile>
    <ClCompile Include="external\detours\src\detours.cpp">
      <Filter>Source Files</Filter>
    </ClCompile>
    <ClCompile Include="external\detours\src\disasm.cpp">
      <Filter>Source Files</Filter>
    </ClCompile>
    <ClCompile Include="external\detours\src\disolarm.cpp">
      <Filter>Source Files</Filter>
    </ClCompile>
    <ClCompile Include="external\detours\src\disolarm64.cpp">
      <Filter>Source Files</Filter>
    </ClCompile>
    <ClCompile Include="external\detours\src\disolia64.cpp">
      <Filter>Source Files</Filter>
    </ClCompile>
    <ClCompile Include="external\detours\src\disolx64.cpp">
      <Filter>Source Files</Filter>
    </ClCompile>
    <ClCompile Include="external\detours\src\disolx86.cpp">
      <Filter>Source Files</Filter>
    </ClCompile>
    <ClCompile Include="external\detours\src\image.cpp">
      <Filter>Source Files</Filter>
    </ClCompile>
    <ClCompile Include="external\detours\src\modules.cpp">
      <Filter>Source Files</Filter>
    </ClCompile>
    <ClCompile Include="external\detours\src\uimports.cpp">
      <Filter>Source Files</Filter>
    </ClCompile>
    <ClCompile Include="external\detours\tests\corruptor.cpp">
      <Filter>Source Files</Filter>
    </ClCompile>
    <ClCompile Include="external\detours\tests\main.cpp">
      <Filter>Source Files</Filter>
    </ClCompile>
    <ClCompile Include="external\detours\tests\payload.cpp">
      <Filter>Source Files</Filter>
    </ClCompile>
    <ClCompile Include="external\detours\tests\process_helpers.cpp">
      <Filter>Source Files</Filter>
    </ClCompile>
    <ClCompile Include="external\detours\tests\test_image_api.cpp">
      <Filter>Source Files</Filter>
    </ClCompile>
    <ClCompile Include="external\detours\tests\test_module_api.cpp">
      <Filter>Source Files</Filter>
    </ClCompile>
    <ClCompile Include="external\imgui\imgui.cpp">
      <Filter>Source Files</Filter>
    </ClCompile>
    <ClCompile Include="external\imgui\imgui_demo.cpp">
      <Filter>Source Files</Filter>
    </ClCompile>
    <ClCompile Include="external\imgui\imgui_draw.cpp">
      <Filter>Source Files</Filter>
    </ClCompile>
    <ClCompile Include="external\imgui\imgui_tables.cpp">
      <Filter>Source Files</Filter>
    </ClCompile>
    <ClCompile Include="external\imgui\imgui_widgets.cpp">
      <Filter>Source Files</Filter>
    </ClCompile>
    <ClCompile Include="external\imgui\backends\imgui_impl_allegro5.cpp">
      <Filter>Source Files</Filter>
    </ClCompile>
    <ClCompile Include="external\imgui\backends\imgui_impl_android.cpp">
      <Filter>Source Files</Filter>
    </ClCompile>
    <ClCompile Include="external\imgui\backends\imgui_impl_dx10.cpp">
      <Filter>Source Files</Filter>
    </ClCompile>
    <ClCompile Include="external\imgui\backends\imgui_impl_dx11.cpp">
      <Filter>Source Files</Filter>
    </ClCompile>
    <ClCompile Include="external\imgui\backends\imgui_impl_dx12.cpp">
      <Filter>Source Files</Filter>
    </ClCompile>
    <ClCompile Include="external\imgui\backends\imgui_impl_dx9.cpp">
      <Filter>Source Files</Filter>
    </ClCompile>
    <ClCompile Include="external\imgui\backends\imgui_impl_glfw.cpp">
      <Filter>Source Files</Filter>
    </ClCompile>
    <ClCompile Include="external\imgui\backends\imgui_impl_glut.cpp">
      <Filter>Source Files</Filter>
    </ClCompile>
    <ClCompile Include="external\imgui\backends\imgui_impl_opengl2.cpp">
      <Filter>Source Files</Filter>
    </ClCompile>
    <ClCompile Include="external\imgui\backends\imgui_impl_opengl3.cpp">
      <Filter>Source Files</Filter>
    </ClCompile>
    <ClCompile Include="external\imgui\backends\imgui_impl_sdl2.cpp">
      <Filter>Source Files</Filter>
    </ClCompile>
    <ClCompile Include="external\imgui\backends\imgui_impl_sdl3.cpp">
      <Filter>Source Files</Filter>
    </ClCompile>
    <ClCompile Include="external\imgui\backends\imgui_impl_sdlrenderer2.cpp">
      <Filter>Source Files</Filter>
    </ClCompile>
    <ClCompile Include="external\imgui\backends\imgui_impl_sdlrenderer3.cpp">
      <Filter>Source Files</Filter>
    </ClCompile>
    <ClCompile Include="external\imgui\backends\imgui_impl_vulkan.cpp">
      <Filter>Source Files</Filter>
    </ClCompile>
    <ClCompile Include="external\imgui\backends\imgui_impl_wgpu.cpp">
      <Filter>Source Files</Filter>
    </ClCompile>
    <ClCompile Include="external\imgui\backends\imgui_impl_win32.cpp">
      <Filter>Source Files</Filter>
    </ClCompile>
    <ClCompile Include="external\imgui\examples\example_allegro5\main.cpp">
      <Filter>Source Files</Filter>
    </ClCompile>
    <ClCompile Include="external\imgui\examples\example_android_opengl3\main.cpp">
      <Filter>Source Files</Filter>
    </ClCompile>
    <ClCompile Include="external\imgui\examples\example_glfw_opengl2\main.cpp">
      <Filter>Source Files</Filter>
    </ClCompile>
    <ClCompile Include="external\imgui\examples\example_glfw_opengl3\main.cpp">
      <Filter>Source Files</Filter>
    </ClCompile>
    <ClCompile Include="external\imgui\examples\example_glfw_vulkan\main.cpp">
      <Filter>Source Files</Filter>
    </ClCompile>
    <ClCompile Include="external\imgui\examples\example_glfw_wgpu\main.cpp">
      <Filter>Source Files</Filter>
    </ClCompile>
    <ClCompile Include="external\imgui\examples\example_glut_opengl2\main.cpp">
      <Filter>Source Files</Filter>
    </ClCompile>
    <ClCompile Include="external\imgui\examples\example_null\main.cpp">
      <Filter>Source Files</Filter>
    </ClCompile>
    <ClCompile Include="external\imgui\examples\example_sdl2_directx11\main.cpp">
      <Filter>Source Files</Filter>
    </ClCompile>
    <ClCompile Include="external\imgui\examples\example_sdl2_opengl2\main.cpp">
      <Filter>Source Files</Filter>
    </ClCompile>
    <ClCompile Include="external\imgui\examples\example_sdl2_opengl3\main.cpp">
      <Filter>Source Files</Filter>
    </ClCompile>
    <ClCompile Include="external\imgui\examples\example_sdl2_sdlrenderer2\main.cpp">
      <Filter>Source Files</Filter>
    </ClCompile>
    <ClCompile Include="external\imgui\examples\example_sdl2_vulkan\main.cpp">
      <Filter>Source Files</Filter>
    </ClCompile>
    <ClCompile Include="external\imgui\examples\example_sdl3_opengl3\main.cpp">
      <Filter>Source Files</Filter>
    </ClCompile>
    <ClCompile Include="external\imgui\examples\example_sdl3_sdlrenderer3\main.cpp">
      <Filter>Source Files</Filter>
    </ClCompile>
    <ClCompile Include="external\imgui\examples\example_win32_directx10\main.cpp">
      <Filter>Source Files</Filter>
    </ClCompile>
    <ClCompile Include="external\imgui\examples\example_win32_directx11\main.cpp">
      <Filter>Source Files</Filter>
    </ClCompile>
    <ClCompile Include="external\imgui\examples\example_win32_directx12\main.cpp">
      <Filter>Source Files</Filter>
    </ClCompile>
    <ClCompile Include="external\imgui\examples\example_win32_directx9\main.cpp">
      <Filter>Source Files</Filter>
    </ClCompile>
    <ClCompile Include="external\imgui\examples\example_win32_opengl3\main.cpp">
      <Filter>Source Files</Filter>
    </ClCompile>
    <ClCompile Include="external\imgui\examples\libs\usynergy\uSynergy.c">
      <Filter>Source Files</Filter>
    </ClCompile>
    <ClCompile Include="external\imgui\misc\cpp\imgui_stdlib.cpp">
      <Filter>Source Files</Filter>
    </ClCompile>
    <ClCompile Include="external\imgui\misc\fonts\binary_to_compressed_c.cpp">
      <Filter>Source Files</Filter>
    </ClCompile>
    <ClCompile Include="external\imgui\misc\freetype\imgui_freetype.cpp">
      <Filter>Source Files</Filter>
    </ClCompile>
  </ItemGroup>
  <ItemGroup>
    <Midl Include="external\detours\samples\cping\iping.idl">
      <Filter>Source Files</Filter>
    </Midl>
  </ItemGroup>
  <ItemGroup>
    <None Include="external\detours\samples\disas\arm.asm">
      <Filter>Source Files</Filter>
    </None>
    <None Include="external\detours\samples\disas\ia64.asm">
      <Filter>Source Files</Filter>
    </None>
    <None Include="external\detours\samples\disas\x64.asm">
      <Filter>Source Files</Filter>
    </None>
    <None Include="external\detours\samples\dynamic_alloc\x64.asm">
      <Filter>Source Files</Filter>
    </None>
    <None Include="external\detours\samples\dynamic_alloc\x86.asm">
      <Filter>Source Files</Filter>
    </None>
    <None Include="external\imgui\examples\example_glfw_wgpu\web\index.html" />
    <None Include="external\imgui\examples\libs\emscripten\shell_minimal.html" />
  </ItemGroup>
  <ItemGroup>
    <ClInclude Include="external\detours\include\detours.h">
      <Filter>Header Files</Filter>
    </ClInclude>
    <ClInclude Include="external\detours\include\detver.h">
      <Filter>Header Files</Filter>
    </ClInclude>
    <ClInclude Include="external\detours\include\syelog.h">
      <Filter>Header Files</Filter>
    </ClInclude>
    <ClInclude Include="external\detours\samples\cping\obj.x86\iping.h">
      <Filter>Header Files</Filter>
    </ClInclude>
    <ClInclude Include="external\detours\samples\dtest\dtarge.h">
      <Filter>Header Files</Filter>
    </ClInclude>
    <ClInclude Include="external\detours\samples\excep\firstexc.h">
      <Filter>Header Files</Filter>
    </ClInclude>
    <ClInclude Include="external\detours\samples\findfunc\target.h">
      <Filter>Header Files</Filter>
    </ClInclude>
    <ClInclude Include="external\detours\samples\payload\payloadguid.hpp">
      <Filter>Header Files</Filter>
    </ClInclude>
    <ClInclude Include="external\detours\samples\slept\slept.h">
      <Filter>Header Files</Filter>
    </ClInclude>
    <ClInclude Include="external\detours\samples\syelog\syelog.h">
      <Filter>Header Files</Filter>
    </ClInclude>
    <ClInclude Include="external\detours\samples\tracebld\tracebld.h">
      <Filter>Header Files</Filter>
    </ClInclude>
    <ClInclude Include="external\detours\src\detours.h">
      <Filter>Header Files</Filter>
    </ClInclude>
    <ClInclude Include="external\detours\src\detver.h">
      <Filter>Header Files</Filter>
    </ClInclude>
    <ClInclude Include="external\detours\tests\corruptor.h">
      <Filter>Header Files</Filter>
    </ClInclude>
    <ClInclude Include="external\detours\tests\payload.h">
      <Filter>Header Files</Filter>
    </ClInclude>
    <ClInclude Include="external\detours\tests\process_helpers.h">
      <Filter>Header Files</Filter>
    </ClInclude>
    <ClInclude Include="external\detours\tests\catch.hpp">
      <Filter>Header Files</Filter>
    </ClInclude>
    <ClInclude Include="external\imgui\imconfig.h">
      <Filter>Header Files</Filter>
    </ClInclude>
    <ClInclude Include="external\imgui\imgui.h">
      <Filter>Header Files</Filter>
    </ClInclude>
    <ClInclude Include="external\imgui\imgui_internal.h">
      <Filter>Header Files</Filter>
    </ClInclude>
    <ClInclude Include="external\imgui\imstb_rectpack.h">
      <Filter>Header Files</Filter>
    </ClInclude>
    <ClInclude Include="external\imgui\imstb_textedit.h">
      <Filter>Header Files</Filter>
    </ClInclude>
    <ClInclude Include="external\imgui\imstb_truetype.h">
      <Filter>Header Files</Filter>
    </ClInclude>
    <ClInclude Include="external\imgui\backends\imgui_impl_allegro5.h">
      <Filter>Header Files</Filter>
    </ClInclude>
    <ClInclude Include="external\imgui\backends\imgui_impl_android.h">
      <Filter>Header Files</Filter>
    </ClInclude>
    <ClInclude Include="external\imgui\backends\imgui_impl_dx10.h">
      <Filter>Header Files</Filter>
    </ClInclude>
    <ClInclude Include="external\imgui\backends\imgui_impl_dx11.h">
      <Filter>Header Files</Filter>
    </ClInclude>
    <ClInclude Include="external\imgui\backends\imgui_impl_dx12.h">
      <Filter>Header Files</Filter>
    </ClInclude>
    <ClInclude Include="external\imgui\backends\imgui_impl_dx9.h">
      <Filter>Header Files</Filter>
    </ClInclude>
    <ClInclude Include="external\imgui\backends\imgui_impl_glfw.h">
      <Filter>Header Files</Filter>
    </ClInclude>
    <ClInclude Include="external\imgui\backends\imgui_impl_glut.h">
      <Filter>Header Files</Filter>
    </ClInclude>
    <ClInclude Include="external\imgui\backends\imgui_impl_metal.h">
      <Filter>Header Files</Filter>
    </ClInclude>
    <ClInclude Include="external\imgui\backends\imgui_impl_opengl2.h">
      <Filter>Header Files</Filter>
    </ClInclude>
    <ClInclude Include="external\imgui\backends\imgui_impl_opengl3.h">
      <Filter>Header Files</Filter>
    </ClInclude>
    <ClInclude Include="external\imgui\backends\imgui_impl_opengl3_loader.h">
      <Filter>Header Files</Filter>
    </ClInclude>
    <ClInclude Include="external\imgui\backends\imgui_impl_osx.h">
      <Filter>Header Files</Filter>
    </ClInclude>
    <ClInclude Include="external\imgui\backends\imgui_impl_sdl2.h">
      <Filter>Header Files</Filter>
    </ClInclude>
    <ClInclude Include="external\imgui\backends\imgui_impl_sdl3.h">
      <Filter>Header Files</Filter>
    </ClInclude>
    <ClInclude Include="external\imgui\backends\imgui_impl_sdlrenderer2.h">
      <Filter>Header Files</Filter>
    </ClInclude>
    <ClInclude Include="external\imgui\backends\imgui_impl_sdlrenderer3.h">
      <Filter>Header Files</Filter>
    </ClInclude>
    <ClInclude Include="external\imgui\backends\imgui_impl_vulkan.h">
      <Filter>Header Files</Filter>
    </ClInclude>
    <ClInclude Include="external\imgui\backends\imgui_impl_wgpu.h">
      <Filter>Header Files</Filter>
    </ClInclude>
    <ClInclude Include="external\imgui\backends\imgui_impl_win32.h">
      <Filter>Header Files</Filter>
    </ClInclude>
    <ClInclude Include="external\imgui\examples\example_allegro5\imconfig_allegro5.h">
      <Filter>Header Files</Filter>
    </ClInclude>
    <ClInclude Include="external\imgui\examples\libs\emscripten\emscripten_mainloop_stub.h">
      <Filter>Header Files</Filter>
    </ClInclude>
    <ClInclude Include="external\imgui\examples\libs\glfw\include\glfw\glfw3.h">
      <Filter>Header Files</Filter>
    </ClInclude>
    <ClInclude Include="external\imgui\examples\libs\glfw\include\glfw\glfw3native.h">
      <Filter>Header Files</Filter>
    </ClInclude>
    <ClInclude Include="external\imgui\examples\libs\usynergy\uSynergy.h">
      <Filter>Header Files</Filter>
    </ClInclude>
    <ClInclude Include="external\imgui\misc\cpp\imgui_stdlib.h">
      <Filter>Header Files</Filter>
    </ClInclude>
    <ClInclude Include="external\imgui\misc\freetype\imgui_freetype.h">
      <Filter>Header Files</Filter>
    </ClInclude>
    <ClInclude Include="external\imgui\misc\single_file\imgui_single_file.h">
      <Filter>Header Files</Filter>
    </ClInclude>
  </ItemGroup>
  <ItemGroup>
    <ResourceCompile Include="external\detours\samples\comeasy\wrotei.rc">
      <Filter>Resource Files</Filter>
    </ResourceCompile>
    <ResourceCompile Include="external\detours\samples\dtest\dtarge.rc">
      <Filter>Resource Files</Filter>
    </ResourceCompile>
    <ResourceCompile Include="external\detours\samples\echo\echofx.rc">
      <Filter>Resource Files</Filter>
    </ResourceCompile>
    <ResourceCompile Include="external\detours\samples\findfunc\extend.rc">
      <Filter>Resource Files</Filter>
    </ResourceCompile>
    <ResourceCompile Include="external\detours\samples\findfunc\target.rc">
      <Filter>Resource Files</Filter>
    </ResourceCompile>
    <ResourceCompile Include="external\detours\samples\opengl\ogldet.rc">
      <Filter>Resource Files</Filter>
    </ResourceCompile>
    <ResourceCompile Include="external\detours\samples\simple\simple.rc">
      <Filter>Resource Files</Filter>
    </ResourceCompile>
    <ResourceCompile Include="external\detours\samples\simple_safe\simple_safe.rc">
      <Filter>Resource Files</Filter>
    </ResourceCompile>
    <ResourceCompile Include="external\detours\samples\slept\dslept.rc">
      <Filter>Resource Files</Filter>
    </ResourceCompile>
    <ResourceCompile Include="external\detours\samples\slept\slept.rc">
      <Filter>Resource Files</Filter>
    </ResourceCompile>
    <ResourceCompile Include="external\detours\samples\traceapi\trcapi.rc">
      <Filter>Resource Files</Filter>
    </ResourceCompile>
    <ResourceCompile Include="external\detours\samples\tracebld\trcbld.rc">
      <Filter>Resource Files</Filter>
    </ResourceCompile>
    <ResourceCompile Include="external\detours\samples\tracelnk\trclnk.rc">
      <Filter>Resource Files</Filter>
    </ResourceCompile>
    <ResourceCompile Include="external\detours\samples\tracemem\trcmem.rc">
      <Filter>Resource Files</Filter>
    </ResourceCompile>
    <ResourceCompile Include="external\detours\samples\tracereg\trcreg.rc">
      <Filter>Resource Files</Filter>
    </ResourceCompile>
    <ResourceCompile Include="external\detours\samples\traceser\trcser.rc">
      <Filter>Resource Files</Filter>
    </ResourceCompile>
    <ResourceCompile Include="external\detours\samples\tracessl\trcssl.rc">
      <Filter>Resource Files</Filter>
    </ResourceCompile>
    <ResourceCompile Include="external\detours\samples\tracetcp\trctcp.rc">
      <Filter>Resource Files</Filter>
    </ResourceCompile>
    <ResourceCompile Include="external\detours\samples\tryman\tstman.rc">
      <Filter>Resource Files</Filter>
    </ResourceCompile>
  </ItemGroup>
</Project>